Microsoft Visual Studio Solution File, Format Version 11.00
# Visual Studio 2008

Project("{03C5E564-85CD-5B3C-473D-F60002374E8F}") = "SHTerminal", "Assembly-CSharp-firstpass-vs.csproj", "{729DD062-3934-3B0B-E650-6A526CCE7817}"
EndProject
Project("{03C5E564-85CD-5B3C-473D-F60002374E8F}") = "SHTerminal", "Assembly-CSharp-vs.csproj", "{95E90B78-867C-3E50-6071-4F352642A57A}"
EndProject
Project("{03C5E564-85CD-5B3C-473D-F60002374E8F}") = "SHTerminal", "Assembly-CSharp-Editor-vs.csproj", "{E714AC41-85D6-0303-CE4A-872D87E37AD7}"
EndProject
Global
	GlobalSection(SolutionConfigurationPlatforms) = preSolution
		Debug|Any CPU = Debug|Any CPU
		Release|Any CPU = Release|Any CPU
	EndGlobalSection
	GlobalSection(ProjectConfigurationPlatforms) = postSolution
		{729DD062-3934-3B0B-E650-6A526CCE7817}.Debug|Any CPU.ActiveCfg = Debug|Any CPU
		{729DD062-3934-3B0B-E650-6A526CCE7817}.Debug|Any CPU.Build.0 = Debug|Any CPU
		{729DD062-3934-3B0B-E650-6A526CCE7817}.Release|Any CPU.ActiveCfg = Release|Any CPU
		{729DD062-3934-3B0B-E650-6A526CCE7817}.Release|Any CPU.Build.0 = Release|Any CPU
		{95E90B78-867C-3E50-6071-4F352642A57A}.Debug|Any CPU.ActiveCfg = Debug|Any CPU
		{95E90B78-867C-3E50-6071-4F352642A57A}.Debug|Any CPU.Build.0 = Debug|Any CPU
		{95E90B78-867C-3E50-6071-4F352642A57A}.Release|Any CPU.ActiveCfg = Release|Any CPU
		{95E90B78-867C-3E50-6071-4F352642A57A}.Release|Any CPU.Build.0 = Release|Any CPU
		{E714AC41-85D6-0303-CE4A-872D87E37AD7}.Debug|Any CPU.ActiveCfg = Debug|Any CPU
		{E714AC41-85D6-0303-CE4A-872D87E37AD7}.Debug|Any CPU.Build.0 = Debug|Any CPU
		{E714AC41-85D6-0303-CE4A-872D87E37AD7}.Release|Any CPU.ActiveCfg = Release|Any CPU
		{E714AC41-85D6-0303-CE4A-872D87E37AD7}.Release|Any CPU.Build.0 = Release|Any CPU
	EndGlobalSection
	GlobalSection(SolutionProperties) = preSolution
		HideSolutionNode = FALSE
	EndGlobalSection
																																	GlobalSection(MonoDevelopProperties) = preSolution
		StartupItem = Assembly-CSharp.csproj
		Policies = $0
		$0.TextStylePolicy = $1
		$1.inheritsSet = null
		$1.scope = text/x-csharp
		$0.CSharpFormattingPolicy = $2
		$2.inheritsSet = Mono
		$2.inheritsScope = text/x-csharp
		$2.scope = text/x-csharp
		$0.TextStylePolicy = $3
		$3.FileWidth = 120
		$3.TabWidth = 4
		$3.IndentWidth = 4
		$3.EolMarker = Unix
		$3.inheritsSet = Mono
		$3.inheritsScope = text/plain
		$3.scope = text/plain
	EndGlobalSection

EndGlobal
